// !$*UTF8*$!
{
	archiveVersion = 1;
	classes = {
	};
	objectVersion = 51;
	objects = {

/* Begin PBXBuildFile section */
		3D1356FF274A943C0040D16B /* UIViewController.swift in Sources */ = {isa = PBXBuildFile; fileRef = 3D1356FE274A943C0040D16B /* UIViewController.swift */; };
		3D4720B5270979AC005E9D8D /* AppDelegate.swift in Sources */ = {isa = PBXBuildFile; fileRef = 3D4720B4270979AC005E9D8D /* AppDelegate.swift */; };
		3D4720B7270979AC005E9D8D /* SceneDelegate.swift in Sources */ = {isa = PBXBuildFile; fileRef = 3D4720B6270979AC005E9D8D /* SceneDelegate.swift */; };
		3D4720B9270979AC005E9D8D /* ViewController.swift in Sources */ = {isa = PBXBuildFile; fileRef = 3D4720B8270979AC005E9D8D /* ViewController.swift */; };
		3D4720BC270979AC005E9D8D /* Main.storyboard in Resources */ = {isa = PBXBuildFile; fileRef = 3D4720BA270979AC005E9D8D /* Main.storyboard */; };
		3D4720BE270979AE005E9D8D /* Assets.xcassets in Resources */ = {isa = PBXBuildFile; fileRef = 3D4720BD270979AE005E9D8D /* Assets.xcassets */; };
		3D4720C1270979AE005E9D8D /* LaunchScreen.storyboard in Resources */ = {isa = PBXBuildFile; fileRef = 3D4720BF270979AE005E9D8D /* LaunchScreen.storyboard */; };
		3D4720CC270979AE005E9D8D /* ZesteTests.swift in Sources */ = {isa = PBXBuildFile; fileRef = 3D4720CB270979AE005E9D8D /* ZesteTests.swift */; };
		3D4720D7270979AE005E9D8D /* ZesteUITests.swift in Sources */ = {isa = PBXBuildFile; fileRef = 3D4720D6270979AE005E9D8D /* ZesteUITests.swift */; };
		3D4720E72709DE3F005E9D8D /* MainViewController.swift in Sources */ = {isa = PBXBuildFile; fileRef = 3D4720E62709DE3F005E9D8D /* MainViewController.swift */; };
		3D4720EB2709DF1F005E9D8D /* BaseTabBarController.swift in Sources */ = {isa = PBXBuildFile; fileRef = 3D4720EA2709DF1F005E9D8D /* BaseTabBarController.swift */; };
		3D4720EF2709E086005E9D8D /* Color.swift in Sources */ = {isa = PBXBuildFile; fileRef = 3D4720EE2709E086005E9D8D /* Color.swift */; };
		3D4720F22709E4F6005E9D8D /* CircleView.swift in Sources */ = {isa = PBXBuildFile; fileRef = 3D4720F12709E4F6005E9D8D /* CircleView.swift */; };
		3D4720FA270A0A69005E9D8D /* MyInfoViewController.swift in Sources */ = {isa = PBXBuildFile; fileRef = 3D4720F9270A0A69005E9D8D /* MyInfoViewController.swift */; };
		3D4720FC270A0A82005E9D8D /* BaseViewController.swift in Sources */ = {isa = PBXBuildFile; fileRef = 3D4720FB270A0A82005E9D8D /* BaseViewController.swift */; };
		3D4720FE270A1DEC005E9D8D /* StampRoundView.swift in Sources */ = {isa = PBXBuildFile; fileRef = 3D4720FD270A1DEC005E9D8D /* StampRoundView.swift */; };
		3D472100270A1FD0005E9D8D /* StampStackView.swift in Sources */ = {isa = PBXBuildFile; fileRef = 3D4720FF270A1FD0005E9D8D /* StampStackView.swift */; };
		3D472102270A2549005E9D8D /* InnerStampStack.swift in Sources */ = {isa = PBXBuildFile; fileRef = 3D472101270A2549005E9D8D /* InnerStampStack.swift */; };
		3D62D8082750160E001CB6CF /* QRCodeViewController.swift in Sources */ = {isa = PBXBuildFile; fileRef = 3D62D8072750160E001CB6CF /* QRCodeViewController.swift */; };
		3D62D80B27501FC6001CB6CF /* ReaderView.swift in Sources */ = {isa = PBXBuildFile; fileRef = 3D62D80A27501FC6001CB6CF /* ReaderView.swift */; };
		3D62D80E27558B0B001CB6CF /* GetUserInfoViewController.swift in Sources */ = {isa = PBXBuildFile; fileRef = 3D62D80D27558B0B001CB6CF /* GetUserInfoViewController.swift */; };
		3D62D81127558CC4001CB6CF /* UserInfo.swift in Sources */ = {isa = PBXBuildFile; fileRef = 3D62D81027558CC4001CB6CF /* UserInfo.swift */; };
		3DB5670727267DCD0039EAA0 /* HowToWashViewController.swift in Sources */ = {isa = PBXBuildFile; fileRef = 3DB5670627267DCD0039EAA0 /* HowToWashViewController.swift */; };
		3DB5670A27267E8D0039EAA0 /* WashCollectionViewCell.swift in Sources */ = {isa = PBXBuildFile; fileRef = 3DB5670927267E8D0039EAA0 /* WashCollectionViewCell.swift */; };
		3DD7D1132739AF73006BA7FF /* GoogleService-Info.plist in Resources */ = {isa = PBXBuildFile; fileRef = 3DD7D1122739AF73006BA7FF /* GoogleService-Info.plist */; };
		3DD7D1142739AF73006BA7FF /* GoogleService-Info.plist in Resources */ = {isa = PBXBuildFile; fileRef = 3DD7D1122739AF73006BA7FF /* GoogleService-Info.plist */; };
		3DD7D1152739AF73006BA7FF /* GoogleService-Info.plist in Resources */ = {isa = PBXBuildFile; fileRef = 3DD7D1122739AF73006BA7FF /* GoogleService-Info.plist */; };
		3DE55EA4273AB9D000747E27 /* LoginViewController.swift in Sources */ = {isa = PBXBuildFile; fileRef = 3DE55EA3273AB9D000747E27 /* LoginViewController.swift */; };
		3DE55EA6273D104D00747E27 /* WashModel.swift in Sources */ = {isa = PBXBuildFile; fileRef = 3DE55EA5273D104D00747E27 /* WashModel.swift */; };
		3DE55EA8273D162B00747E27 /* NewsViewController.swift in Sources */ = {isa = PBXBuildFile; fileRef = 3DE55EA7273D162B00747E27 /* NewsViewController.swift */; };
		3DE55EAA273D170800747E27 /* NewsTableViewCell.swift in Sources */ = {isa = PBXBuildFile; fileRef = 3DE55EA9273D170800747E27 /* NewsTableViewCell.swift */; };
		3DED0BE42757B3430063D57C /* LabelText.swift in Sources */ = {isa = PBXBuildFile; fileRef = 3DED0BE32757B3430063D57C /* LabelText.swift */; };
		3DED0BE72759343B0063D57C /* MyCouponViewController.swift in Sources */ = {isa = PBXBuildFile; fileRef = 3DED0BE62759343B0063D57C /* MyCouponViewController.swift */; };
		3DED0BEA27593A1D0063D57C /* QuizViewController.swift in Sources */ = {isa = PBXBuildFile; fileRef = 3DED0BE927593A1D0063D57C /* QuizViewController.swift */; };
		3DED0BEC27593A750063D57C /* QuizAnsView.swift in Sources */ = {isa = PBXBuildFile; fileRef = 3DED0BEB27593A750063D57C /* QuizAnsView.swift */; };
		3DED0BEE27593B500063D57C /* PopupDarkViewController.swift in Sources */ = {isa = PBXBuildFile; fileRef = 3DED0BED27593B500063D57C /* PopupDarkViewController.swift */; };
		3DED0BF027593B8C0063D57C /* QuizPopUpView.swift in Sources */ = {isa = PBXBuildFile; fileRef = 3DED0BEF27593B8C0063D57C /* QuizPopUpView.swift */; };
		3DED0BF527595BC90063D57C /* QuizModel.swift in Sources */ = {isa = PBXBuildFile; fileRef = 3DED0BF427595BC90063D57C /* QuizModel.swift */; };
		3DED0BF727595C8F0063D57C /* QuisListDataManager.swift in Sources */ = {isa = PBXBuildFile; fileRef = 3DED0BF627595C8F0063D57C /* QuisListDataManager.swift */; };
		3DED0BF927595CAF0063D57C /* Constant.swift in Sources */ = {isa = PBXBuildFile; fileRef = 3DED0BF827595CAF0063D57C /* Constant.swift */; };
		7812FC5F4480CBE840AFFF79 /* Pods_ZesteTests.framework in Frameworks */ = {isa = PBXBuildFile; fileRef = 1BDB11F8E640B87F5B30B947 /* Pods_ZesteTests.framework */; };
		8EBB1C53C41213901AA3BF6E /* Pods_Zeste.framework in Frameworks */ = {isa = PBXBuildFile; fileRef = 1FAC74BB0DAE6D06B00D6DE1 /* Pods_Zeste.framework */; };
		CF8C1E48B923AAC0AB801E84 /* Pods_Zeste_ZesteUITests.framework in Frameworks */ = {isa = PBXBuildFile; fileRef = 2B628639C9C63AE93505BCD7 /* Pods_Zeste_ZesteUITests.framework */; };
/* End PBXBuildFile section */

/* Begin PBXContainerItemProxy section */
		3D4720C8270979AE005E9D8D /* PBXContainerItemProxy */ = {
			isa = PBXContainerItemProxy;
			containerPortal = 3D4720A9270979AC005E9D8D /* Project object */;
			proxyType = 1;
			remoteGlobalIDString = 3D4720B0270979AC005E9D8D;
			remoteInfo = Zeste;
		};
		3D4720D3270979AE005E9D8D /* PBXContainerItemProxy */ = {
			isa = PBXContainerItemProxy;
			containerPortal = 3D4720A9270979AC005E9D8D /* Project object */;
			proxyType = 1;
			remoteGlobalIDString = 3D4720B0270979AC005E9D8D;
			remoteInfo = Zeste;
		};
/* End PBXContainerItemProxy section */

/* Begin PBXFileReference section */
		1BDB11F8E640B87F5B30B947 /* Pods_ZesteTests.framework */ = {isa = PBXFileReference; explicitFileType = wrapper.framework; includeInIndex = 0; path = Pods_ZesteTests.framework; sourceTree = BUILT_PRODUCTS_DIR; };
		1FA4880715EF929EF8BA8B2D /* Pods-Zeste-ZesteUITests.debug.xcconfig */ = {isa = PBXFileReference; includeInIndex = 1; lastKnownFileType = text.xcconfig; name = "Pods-Zeste-ZesteUITests.debug.xcconfig"; path = "Target Support Files/Pods-Zeste-ZesteUITests/Pods-Zeste-ZesteUITests.debug.xcconfig"; sourceTree = "<group>"; };
		1FAC74BB0DAE6D06B00D6DE1 /* Pods_Zeste.framework */ = {isa = PBXFileReference; explicitFileType = wrapper.framework; includeInIndex = 0; path = Pods_Zeste.framework; sourceTree = BUILT_PRODUCTS_DIR; };
		2B628639C9C63AE93505BCD7 /* Pods_Zeste_ZesteUITests.framework */ = {isa = PBXFileReference; explicitFileType = wrapper.framework; includeInIndex = 0; path = Pods_Zeste_ZesteUITests.framework; sourceTree = BUILT_PRODUCTS_DIR; };
		2C935403E99193085C7F11B9 /* Pods-Zeste-ZesteUITests.release.xcconfig */ = {isa = PBXFileReference; includeInIndex = 1; lastKnownFileType = text.xcconfig; name = "Pods-Zeste-ZesteUITests.release.xcconfig"; path = "Target Support Files/Pods-Zeste-ZesteUITests/Pods-Zeste-ZesteUITests.release.xcconfig"; sourceTree = "<group>"; };
		3D1356FE274A943C0040D16B /* UIViewController.swift */ = {isa = PBXFileReference; lastKnownFileType = sourcecode.swift; path = UIViewController.swift; sourceTree = "<group>"; };
		3D4720B1270979AC005E9D8D /* Zeste.app */ = {isa = PBXFileReference; explicitFileType = wrapper.application; includeInIndex = 0; path = Zeste.app; sourceTree = BUILT_PRODUCTS_DIR; };
		3D4720B4270979AC005E9D8D /* AppDelegate.swift */ = {isa = PBXFileReference; lastKnownFileType = sourcecode.swift; path = AppDelegate.swift; sourceTree = "<group>"; };
		3D4720B6270979AC005E9D8D /* SceneDelegate.swift */ = {isa = PBXFileReference; lastKnownFileType = sourcecode.swift; path = SceneDelegate.swift; sourceTree = "<group>"; };
		3D4720B8270979AC005E9D8D /* ViewController.swift */ = {isa = PBXFileReference; lastKnownFileType = sourcecode.swift; path = ViewController.swift; sourceTree = "<group>"; };
		3D4720BB270979AC005E9D8D /* Base */ = {isa = PBXFileReference; lastKnownFileType = file.storyboard; name = Base; path = Base.lproj/Main.storyboard; sourceTree = "<group>"; };
		3D4720BD270979AE005E9D8D /* Assets.xcassets */ = {isa = PBXFileReference; lastKnownFileType = folder.assetcatalog; path = Assets.xcassets; sourceTree = "<group>"; };
		3D4720C0270979AE005E9D8D /* Base */ = {isa = PBXFileReference; lastKnownFileType = file.storyboard; name = Base; path = Base.lproj/LaunchScreen.storyboard; sourceTree = "<group>"; };
		3D4720C2270979AE005E9D8D /* Info.plist */ = {isa = PBXFileReference; lastKnownFileType = text.plist.xml; path = Info.plist; sourceTree = "<group>"; };
		3D4720C7270979AE005E9D8D /* ZesteTests.xctest */ = {isa = PBXFileReference; explicitFileType = wrapper.cfbundle; includeInIndex = 0; path = ZesteTests.xctest; sourceTree = BUILT_PRODUCTS_DIR; };
		3D4720CB270979AE005E9D8D /* ZesteTests.swift */ = {isa = PBXFileReference; lastKnownFileType = sourcecode.swift; path = ZesteTests.swift; sourceTree = "<group>"; };
		3D4720CD270979AE005E9D8D /* Info.plist */ = {isa = PBXFileReference; lastKnownFileType = text.plist.xml; path = Info.plist; sourceTree = "<group>"; };
		3D4720D2270979AE005E9D8D /* ZesteUITests.xctest */ = {isa = PBXFileReference; explicitFileType = wrapper.cfbundle; includeInIndex = 0; path = ZesteUITests.xctest; sourceTree = BUILT_PRODUCTS_DIR; };
		3D4720D6270979AE005E9D8D /* ZesteUITests.swift */ = {isa = PBXFileReference; lastKnownFileType = sourcecode.swift; path = ZesteUITests.swift; sourceTree = "<group>"; };
		3D4720D8270979AE005E9D8D /* Info.plist */ = {isa = PBXFileReference; lastKnownFileType = text.plist.xml; path = Info.plist; sourceTree = "<group>"; };
		3D4720E62709DE3F005E9D8D /* MainViewController.swift */ = {isa = PBXFileReference; lastKnownFileType = sourcecode.swift; path = MainViewController.swift; sourceTree = "<group>"; };
		3D4720EA2709DF1F005E9D8D /* BaseTabBarController.swift */ = {isa = PBXFileReference; lastKnownFileType = sourcecode.swift; path = BaseTabBarController.swift; sourceTree = "<group>"; };
		3D4720EE2709E086005E9D8D /* Color.swift */ = {isa = PBXFileReference; lastKnownFileType = sourcecode.swift; path = Color.swift; sourceTree = "<group>"; };
		3D4720F12709E4F6005E9D8D /* CircleView.swift */ = {isa = PBXFileReference; lastKnownFileType = sourcecode.swift; path = CircleView.swift; sourceTree = "<group>"; };
		3D4720F9270A0A69005E9D8D /* MyInfoViewController.swift */ = {isa = PBXFileReference; lastKnownFileType = sourcecode.swift; path = MyInfoViewController.swift; sourceTree = "<group>"; };
		3D4720FB270A0A82005E9D8D /* BaseViewController.swift */ = {isa = PBXFileReference; lastKnownFileType = sourcecode.swift; path = BaseViewController.swift; sourceTree = "<group>"; };
		3D4720FD270A1DEC005E9D8D /* StampRoundView.swift */ = {isa = PBXFileReference; lastKnownFileType = sourcecode.swift; path = StampRoundView.swift; sourceTree = "<group>"; };
		3D4720FF270A1FD0005E9D8D /* StampStackView.swift */ = {isa = PBXFileReference; lastKnownFileType = sourcecode.swift; path = StampStackView.swift; sourceTree = "<group>"; };
		3D472101270A2549005E9D8D /* InnerStampStack.swift */ = {isa = PBXFileReference; lastKnownFileType = sourcecode.swift; path = InnerStampStack.swift; sourceTree = "<group>"; };
		3D62D8072750160E001CB6CF /* QRCodeViewController.swift */ = {isa = PBXFileReference; lastKnownFileType = sourcecode.swift; path = QRCodeViewController.swift; sourceTree = "<group>"; };
		3D62D80A27501FC6001CB6CF /* ReaderView.swift */ = {isa = PBXFileReference; lastKnownFileType = sourcecode.swift; path = ReaderView.swift; sourceTree = "<group>"; };
		3D62D80D27558B0B001CB6CF /* GetUserInfoViewController.swift */ = {isa = PBXFileReference; lastKnownFileType = sourcecode.swift; path = GetUserInfoViewController.swift; sourceTree = "<group>"; };
		3D62D81027558CC4001CB6CF /* UserInfo.swift */ = {isa = PBXFileReference; lastKnownFileType = sourcecode.swift; path = UserInfo.swift; sourceTree = "<group>"; };
		3DB5670627267DCD0039EAA0 /* HowToWashViewController.swift */ = {isa = PBXFileReference; lastKnownFileType = sourcecode.swift; path = HowToWashViewController.swift; sourceTree = "<group>"; };
		3DB5670927267E8D0039EAA0 /* WashCollectionViewCell.swift */ = {isa = PBXFileReference; lastKnownFileType = sourcecode.swift; path = WashCollectionViewCell.swift; sourceTree = "<group>"; };
		3DD7D1122739AF73006BA7FF /* GoogleService-Info.plist */ = {isa = PBXFileReference; fileEncoding = 4; lastKnownFileType = text.plist.xml; path = "GoogleService-Info.plist"; sourceTree = "<group>"; };
		3DE55EA1273AB35000747E27 /* Zeste.entitlements */ = {isa = PBXFileReference; lastKnownFileType = text.plist.entitlements; path = Zeste.entitlements; sourceTree = "<group>"; };
		3DE55EA3273AB9D000747E27 /* LoginViewController.swift */ = {isa = PBXFileReference; lastKnownFileType = sourcecode.swift; path = LoginViewController.swift; sourceTree = "<group>"; };
		3DE55EA5273D104D00747E27 /* WashModel.swift */ = {isa = PBXFileReference; lastKnownFileType = sourcecode.swift; path = WashModel.swift; sourceTree = "<group>"; };
		3DE55EA7273D162B00747E27 /* NewsViewController.swift */ = {isa = PBXFileReference; lastKnownFileType = sourcecode.swift; path = NewsViewController.swift; sourceTree = "<group>"; };
		3DE55EA9273D170800747E27 /* NewsTableViewCell.swift */ = {isa = PBXFileReference; lastKnownFileType = sourcecode.swift; path = NewsTableViewCell.swift; sourceTree = "<group>"; };
		3DED0BE32757B3430063D57C /* LabelText.swift */ = {isa = PBXFileReference; lastKnownFileType = sourcecode.swift; path = LabelText.swift; sourceTree = "<group>"; };
		3DED0BE62759343B0063D57C /* MyCouponViewController.swift */ = {isa = PBXFileReference; lastKnownFileType = sourcecode.swift; path = MyCouponViewController.swift; sourceTree = "<group>"; };
		3DED0BE927593A1D0063D57C /* QuizViewController.swift */ = {isa = PBXFileReference; lastKnownFileType = sourcecode.swift; path = QuizViewController.swift; sourceTree = "<group>"; };
		3DED0BEB27593A750063D57C /* QuizAnsView.swift */ = {isa = PBXFileReference; lastKnownFileType = sourcecode.swift; path = QuizAnsView.swift; sourceTree = "<group>"; };
		3DED0BED27593B500063D57C /* PopupDarkViewController.swift */ = {isa = PBXFileReference; lastKnownFileType = sourcecode.swift; path = PopupDarkViewController.swift; sourceTree = "<group>"; };
		3DED0BEF27593B8C0063D57C /* QuizPopUpView.swift */ = {isa = PBXFileReference; lastKnownFileType = sourcecode.swift; path = QuizPopUpView.swift; sourceTree = "<group>"; };
		3DED0BF427595BC90063D57C /* QuizModel.swift */ = {isa = PBXFileReference; lastKnownFileType = sourcecode.swift; path = QuizModel.swift; sourceTree = "<group>"; };
		3DED0BF627595C8F0063D57C /* QuisListDataManager.swift */ = {isa = PBXFileReference; lastKnownFileType = sourcecode.swift; path = QuisListDataManager.swift; sourceTree = "<group>"; };
		3DED0BF827595CAF0063D57C /* Constant.swift */ = {isa = PBXFileReference; lastKnownFileType = sourcecode.swift; path = Constant.swift; sourceTree = "<group>"; };
		44E377BADB7508ECC6272069 /* Pods-Zeste.release.xcconfig */ = {isa = PBXFileReference; includeInIndex = 1; lastKnownFileType = text.xcconfig; name = "Pods-Zeste.release.xcconfig"; path = "Target Support Files/Pods-Zeste/Pods-Zeste.release.xcconfig"; sourceTree = "<group>"; };
		7AAF36A4C4322807790BCB07 /* Pods-Zeste.debug.xcconfig */ = {isa = PBXFileReference; includeInIndex = 1; lastKnownFileType = text.xcconfig; name = "Pods-Zeste.debug.xcconfig"; path = "Target Support Files/Pods-Zeste/Pods-Zeste.debug.xcconfig"; sourceTree = "<group>"; };
		B8824A30605384C3AFF56C15 /* Pods-ZesteTests.debug.xcconfig */ = {isa = PBXFileReference; includeInIndex = 1; lastKnownFileType = text.xcconfig; name = "Pods-ZesteTests.debug.xcconfig"; path = "Target Support Files/Pods-ZesteTests/Pods-ZesteTests.debug.xcconfig"; sourceTree = "<group>"; };
		F61B22613CBE4C6318302489 /* Pods-ZesteTests.release.xcconfig */ = {isa = PBXFileReference; includeInIndex = 1; lastKnownFileType = text.xcconfig; name = "Pods-ZesteTests.release.xcconfig"; path = "Target Support Files/Pods-ZesteTests/Pods-ZesteTests.release.xcconfig"; sourceTree = "<group>"; };
/* End PBXFileReference section */

/* Begin PBXFrameworksBuildPhase section */
		3D4720AE270979AC005E9D8D /* Frameworks */ = {
			isa = PBXFrameworksBuildPhase;
			buildActionMask = 2147483647;
			files = (
				8EBB1C53C41213901AA3BF6E /* Pods_Zeste.framework in Frameworks */,
			);
			runOnlyForDeploymentPostprocessing = 0;
		};
		3D4720C4270979AE005E9D8D /* Frameworks */ = {
			isa = PBXFrameworksBuildPhase;
			buildActionMask = 2147483647;
			files = (
				7812FC5F4480CBE840AFFF79 /* Pods_ZesteTests.framework in Frameworks */,
			);
			runOnlyForDeploymentPostprocessing = 0;
		};
		3D4720CF270979AE005E9D8D /* Frameworks */ = {
			isa = PBXFrameworksBuildPhase;
			buildActionMask = 2147483647;
			files = (
				CF8C1E48B923AAC0AB801E84 /* Pods_Zeste_ZesteUITests.framework in Frameworks */,
			);
			runOnlyForDeploymentPostprocessing = 0;
		};
/* End PBXFrameworksBuildPhase section */

/* Begin PBXGroup section */
		3D4720A8270979AC005E9D8D = {
			isa = PBXGroup;
			children = (
				3D4720B3270979AC005E9D8D /* Zeste */,
				3D4720CA270979AE005E9D8D /* ZesteTests */,
				3D4720D5270979AE005E9D8D /* ZesteUITests */,
				3D4720B2270979AC005E9D8D /* Products */,
				4A44AB4F2C923A0629B906F2 /* Pods */,
				51BFB4EBF1EE35B89C7B7984 /* Frameworks */,
			);
			sourceTree = "<group>";
		};
		3D4720B2270979AC005E9D8D /* Products */ = {
			isa = PBXGroup;
			children = (
				3D4720B1270979AC005E9D8D /* Zeste.app */,
				3D4720C7270979AE005E9D8D /* ZesteTests.xctest */,
				3D4720D2270979AE005E9D8D /* ZesteUITests.xctest */,
			);
			name = Products;
			sourceTree = "<group>";
		};
		3D4720B3270979AC005E9D8D /* Zeste */ = {
			isa = PBXGroup;
			children = (
				3DED0BF127595BB30063D57C /* Network */,
				3DE55EA1273AB35000747E27 /* Zeste.entitlements */,
				3D4720E82709DEDD005E9D8D /* Configuration */,
				3D4720E42709DE26005E9D8D /* View */,
				3D4720F32709EE54005E9D8D /* Model */,
				3DB5670827267E700039EAA0 /* Cells */,
				3D4720B4270979AC005E9D8D /* AppDelegate.swift */,
				3D4720B6270979AC005E9D8D /* SceneDelegate.swift */,
				3D4720B8270979AC005E9D8D /* ViewController.swift */,
				3D4720BA270979AC005E9D8D /* Main.storyboard */,
				3D4720BD270979AE005E9D8D /* Assets.xcassets */,
				3D4720BF270979AE005E9D8D /* LaunchScreen.storyboard */,
				3D4720C2270979AE005E9D8D /* Info.plist */,
				3DD7D1122739AF73006BA7FF /* GoogleService-Info.plist */,
			);
			path = Zeste;
			sourceTree = "<group>";
		};
		3D4720CA270979AE005E9D8D /* ZesteTests */ = {
			isa = PBXGroup;
			children = (
				3D4720CB270979AE005E9D8D /* ZesteTests.swift */,
				3D4720CD270979AE005E9D8D /* Info.plist */,
			);
			path = ZesteTests;
			sourceTree = "<group>";
		};
		3D4720D5270979AE005E9D8D /* ZesteUITests */ = {
			isa = PBXGroup;
			children = (
				3D4720D6270979AE005E9D8D /* ZesteUITests.swift */,
				3D4720D8270979AE005E9D8D /* Info.plist */,
			);
			path = ZesteUITests;
			sourceTree = "<group>";
		};
		3D4720E42709DE26005E9D8D /* View */ = {
			isa = PBXGroup;
			children = (
				3DED0BE827593A0F0063D57C /* Quiz */,
				3DED0BE52759342B0063D57C /* MyCoupon */,
				3D62D80C27555DE0001CB6CF /* Join */,
				3DE55EA2273AB9BA00747E27 /* Login */,
				3D4720F02709E4E5005E9D8D /* CustomView */,
				3DB5670527267DA50039EAA0 /* HowtoWash */,
				3D4720E52709DE2E005E9D8D /* Main */,
				3D4720F9270A0A69005E9D8D /* MyInfoViewController.swift */,
				3DE55EA7273D162B00747E27 /* NewsViewController.swift */,
				3D62D8072750160E001CB6CF /* QRCodeViewController.swift */,
			);
			path = View;
			sourceTree = "<group>";
		};
		3D4720E52709DE2E005E9D8D /* Main */ = {
			isa = PBXGroup;
			children = (
				3D4720E62709DE3F005E9D8D /* MainViewController.swift */,
			);
			path = Main;
			sourceTree = "<group>";
		};
		3D4720E82709DEDD005E9D8D /* Configuration */ = {
			isa = PBXGroup;
			children = (
				3D4720E92709DEE1005E9D8D /* Base */,
				3D4720EC2709E059005E9D8D /* Extension */,
				3DED0BF827595CAF0063D57C /* Constant.swift */,
			);
			path = Configuration;
			sourceTree = "<group>";
		};
		3D4720E92709DEE1005E9D8D /* Base */ = {
			isa = PBXGroup;
			children = (
				3D4720EA2709DF1F005E9D8D /* BaseTabBarController.swift */,
				3D4720FB270A0A82005E9D8D /* BaseViewController.swift */,
			);
			path = Base;
			sourceTree = "<group>";
		};
		3D4720EC2709E059005E9D8D /* Extension */ = {
			isa = PBXGroup;
			children = (
				3D4720EE2709E086005E9D8D /* Color.swift */,
				3D1356FE274A943C0040D16B /* UIViewController.swift */,
			);
			path = Extension;
			sourceTree = "<group>";
		};
		3D4720F02709E4E5005E9D8D /* CustomView */ = {
			isa = PBXGroup;
			children = (
				3D62D80927501FB6001CB6CF /* QRCode */,
				3D4720F12709E4F6005E9D8D /* CircleView.swift */,
				3D4720FD270A1DEC005E9D8D /* StampRoundView.swift */,
				3D4720FF270A1FD0005E9D8D /* StampStackView.swift */,
				3D472101270A2549005E9D8D /* InnerStampStack.swift */,
				3DED0BEB27593A750063D57C /* QuizAnsView.swift */,
				3DED0BED27593B500063D57C /* PopupDarkViewController.swift */,
				3DED0BEF27593B8C0063D57C /* QuizPopUpView.swift */,
			);
			path = CustomView;
			sourceTree = "<group>";
		};
		3D4720F32709EE54005E9D8D /* Model */ = {
			isa = PBXGroup;
			children = (
				3DED0BF327595BBF0063D57C /* Quiz */,
				3DED0BE22757B3330063D57C /* Text */,
				3D62D80F27558CB7001CB6CF /* User */,
				3DE55EA5273D104D00747E27 /* WashModel.swift */,
			);
			path = Model;
			sourceTree = "<group>";
		};
		3D62D80927501FB6001CB6CF /* QRCode */ = {
			isa = PBXGroup;
			children = (
				3D62D80A27501FC6001CB6CF /* ReaderView.swift */,
			);
			path = QRCode;
			sourceTree = "<group>";
		};
		3D62D80C27555DE0001CB6CF /* Join */ = {
			isa = PBXGroup;
			children = (
			);
			path = Join;
			sourceTree = "<group>";
		};
		3D62D80F27558CB7001CB6CF /* User */ = {
			isa = PBXGroup;
			children = (
				3D62D81027558CC4001CB6CF /* UserInfo.swift */,
			);
			path = User;
			sourceTree = "<group>";
		};
		3DB5670527267DA50039EAA0 /* HowtoWash */ = {
			isa = PBXGroup;
			children = (
				3DB5670627267DCD0039EAA0 /* HowToWashViewController.swift */,
			);
			path = HowtoWash;
			sourceTree = "<group>";
		};
		3DB5670827267E700039EAA0 /* Cells */ = {
			isa = PBXGroup;
			children = (
				3DB5670927267E8D0039EAA0 /* WashCollectionViewCell.swift */,
				3DE55EA9273D170800747E27 /* NewsTableViewCell.swift */,
			);
			path = Cells;
			sourceTree = "<group>";
		};
		3DE55EA2273AB9BA00747E27 /* Login */ = {
			isa = PBXGroup;
			children = (
				3DE55EA3273AB9D000747E27 /* LoginViewController.swift */,
				3D62D80D27558B0B001CB6CF /* GetUserInfoViewController.swift */,
			);
			path = Login;
			sourceTree = "<group>";
		};
		3DED0BE22757B3330063D57C /* Text */ = {
			isa = PBXGroup;
			children = (
				3DED0BE32757B3430063D57C /* LabelText.swift */,
			);
			path = Text;
			sourceTree = "<group>";
		};
		3DED0BE52759342B0063D57C /* MyCoupon */ = {
			isa = PBXGroup;
			children = (
				3DED0BE62759343B0063D57C /* MyCouponViewController.swift */,
			);
			path = MyCoupon;
			sourceTree = "<group>";
		};
		3DED0BE827593A0F0063D57C /* Quiz */ = {
			isa = PBXGroup;
			children = (
				3DED0BE927593A1D0063D57C /* QuizViewController.swift */,
			);
			path = Quiz;
			sourceTree = "<group>";
		};
		3DED0BF127595BB30063D57C /* Network */ = {
			isa = PBXGroup;
			children = (
				3DED0BF227595BB90063D57C /* Quiz */,
			);
			path = Network;
			sourceTree = "<group>";
		};
		3DED0BF227595BB90063D57C /* Quiz */ = {
			isa = PBXGroup;
			children = (
				3DED0BF627595C8F0063D57C /* QuisListDataManager.swift */,
			);
			path = Quiz;
			sourceTree = "<group>";
		};
		3DED0BF327595BBF0063D57C /* Quiz */ = {
			isa = PBXGroup;
			children = (
				3DED0BF427595BC90063D57C /* QuizModel.swift */,
			);
			path = Quiz;
			sourceTree = "<group>";
		};
		4A44AB4F2C923A0629B906F2 /* Pods */ = {
			isa = PBXGroup;
			children = (
				7AAF36A4C4322807790BCB07 /* Pods-Zeste.debug.xcconfig */,
				44E377BADB7508ECC6272069 /* Pods-Zeste.release.xcconfig */,
				1FA4880715EF929EF8BA8B2D /* Pods-Zeste-ZesteUITests.debug.xcconfig */,
				2C935403E99193085C7F11B9 /* Pods-Zeste-ZesteUITests.release.xcconfig */,
				B8824A30605384C3AFF56C15 /* Pods-ZesteTests.debug.xcconfig */,
				F61B22613CBE4C6318302489 /* Pods-ZesteTests.release.xcconfig */,
			);
			path = Pods;
			sourceTree = "<group>";
		};
		51BFB4EBF1EE35B89C7B7984 /* Frameworks */ = {
			isa = PBXGroup;
			children = (
				1FAC74BB0DAE6D06B00D6DE1 /* Pods_Zeste.framework */,
				2B628639C9C63AE93505BCD7 /* Pods_Zeste_ZesteUITests.framework */,
				1BDB11F8E640B87F5B30B947 /* Pods_ZesteTests.framework */,
			);
			name = Frameworks;
			sourceTree = "<group>";
		};
/* End PBXGroup section */

/* Begin PBXNativeTarget section */
		3D4720B0270979AC005E9D8D /* Zeste */ = {
			isa = PBXNativeTarget;
			buildConfigurationList = 3D4720DB270979AE005E9D8D /* Build configuration list for PBXNativeTarget "Zeste" */;
			buildPhases = (
				EFD0664CBC96A5525867284C /* [CP] Check Pods Manifest.lock */,
				3D4720AD270979AC005E9D8D /* Sources */,
				3D4720AE270979AC005E9D8D /* Frameworks */,
				3D4720AF270979AC005E9D8D /* Resources */,
				7B3DEDA584F38D6B1D39C75B /* [CP] Embed Pods Frameworks */,
			);
			buildRules = (
			);
			dependencies = (
			);
			name = Zeste;
			productName = Zeste;
			productReference = 3D4720B1270979AC005E9D8D /* Zeste.app */;
			productType = "com.apple.product-type.application";
		};
		3D4720C6270979AE005E9D8D /* ZesteTests */ = {
			isa = PBXNativeTarget;
			buildConfigurationList = 3D4720DE270979AE005E9D8D /* Build configuration list for PBXNativeTarget "ZesteTests" */;
			buildPhases = (
				2656B0E1F6BD92ED4DD97639 /* [CP] Check Pods Manifest.lock */,
				3D4720C3270979AE005E9D8D /* Sources */,
				3D4720C4270979AE005E9D8D /* Frameworks */,
				3D4720C5270979AE005E9D8D /* Resources */,
			);
			buildRules = (
			);
			dependencies = (
				3D4720C9270979AE005E9D8D /* PBXTargetDependency */,
			);
			name = ZesteTests;
			productName = ZesteTests;
			productReference = 3D4720C7270979AE005E9D8D /* ZesteTests.xctest */;
			productType = "com.apple.product-type.bundle.unit-test";
		};
		3D4720D1270979AE005E9D8D /* ZesteUITests */ = {
			isa = PBXNativeTarget;
			buildConfigurationList = 3D4720E1270979AE005E9D8D /* Build configuration list for PBXNativeTarget "ZesteUITests" */;
			buildPhases = (
				02690F85983329B2A0DD25BB /* [CP] Check Pods Manifest.lock */,
				3D4720CE270979AE005E9D8D /* Sources */,
				3D4720CF270979AE005E9D8D /* Frameworks */,
				3D4720D0270979AE005E9D8D /* Resources */,
				E651873CCD5033D3FA6BA230 /* [CP] Embed Pods Frameworks */,
			);
			buildRules = (
			);
			dependencies = (
				3D4720D4270979AE005E9D8D /* PBXTargetDependency */,
			);
			name = ZesteUITests;
			productName = ZesteUITests;
			productReference = 3D4720D2270979AE005E9D8D /* ZesteUITests.xctest */;
			productType = "com.apple.product-type.bundle.ui-testing";
		};
/* End PBXNativeTarget section */

/* Begin PBXProject section */
		3D4720A9270979AC005E9D8D /* Project object */ = {
			isa = PBXProject;
			attributes = {
				LastSwiftUpdateCheck = 1250;
				LastUpgradeCheck = 1250;
				TargetAttributes = {
					3D4720B0270979AC005E9D8D = {
						CreatedOnToolsVersion = 12.5.1;
					};
					3D4720C6270979AE005E9D8D = {
						CreatedOnToolsVersion = 12.5.1;
						TestTargetID = 3D4720B0270979AC005E9D8D;
					};
					3D4720D1270979AE005E9D8D = {
						CreatedOnToolsVersion = 12.5.1;
						TestTargetID = 3D4720B0270979AC005E9D8D;
					};
				};
			};
			buildConfigurationList = 3D4720AC270979AC005E9D8D /* Build configuration list for PBXProject "Zeste" */;
			compatibilityVersion = "Xcode 9.3";
			developmentRegion = en;
			hasScannedForEncodings = 0;
			knownRegions = (
				en,
				Base,
			);
			mainGroup = 3D4720A8270979AC005E9D8D;
			productRefGroup = 3D4720B2270979AC005E9D8D /* Products */;
			projectDirPath = "";
			projectRoot = "";
			targets = (
				3D4720B0270979AC005E9D8D /* Zeste */,
				3D4720C6270979AE005E9D8D /* ZesteTests */,
				3D4720D1270979AE005E9D8D /* ZesteUITests */,
			);
		};
/* End PBXProject section */

/* Begin PBXResourcesBuildPhase section */
		3D4720AF270979AC005E9D8D /* Resources */ = {
			isa = PBXResourcesBuildPhase;
			buildActionMask = 2147483647;
			files = (
				3D4720C1270979AE005E9D8D /* LaunchScreen.storyboard in Resources */,
				3DD7D1132739AF73006BA7FF /* GoogleService-Info.plist in Resources */,
				3D4720BE270979AE005E9D8D /* Assets.xcassets in Resources */,
				3D4720BC270979AC005E9D8D /* Main.storyboard in Resources */,
			);
			runOnlyForDeploymentPostprocessing = 0;
		};
		3D4720C5270979AE005E9D8D /* Resources */ = {
			isa = PBXResourcesBuildPhase;
			buildActionMask = 2147483647;
			files = (
				3DD7D1142739AF73006BA7FF /* GoogleService-Info.plist in Resources */,
			);
			runOnlyForDeploymentPostprocessing = 0;
		};
		3D4720D0270979AE005E9D8D /* Resources */ = {
			isa = PBXResourcesBuildPhase;
			buildActionMask = 2147483647;
			files = (
				3DD7D1152739AF73006BA7FF /* GoogleService-Info.plist in Resources */,
			);
			runOnlyForDeploymentPostprocessing = 0;
		};
/* End PBXResourcesBuildPhase section */

/* Begin PBXShellScriptBuildPhase section */
		02690F85983329B2A0DD25BB /* [CP] Check Pods Manifest.lock */ = {
			isa = PBXShellScriptBuildPhase;
			buildActionMask = 2147483647;
			files = (
			);
			inputFileListPaths = (
			);
			inputPaths = (
				"${PODS_PODFILE_DIR_PATH}/Podfile.lock",
				"${PODS_ROOT}/Manifest.lock",
			);
			name = "[CP] Check Pods Manifest.lock";
			outputFileListPaths = (
			);
			outputPaths = (
				"$(DERIVED_FILE_DIR)/Pods-Zeste-ZesteUITests-checkManifestLockResult.txt",
			);
			runOnlyForDeploymentPostprocessing = 0;
			shellPath = /bin/sh;
			shellScript = "diff \"${PODS_PODFILE_DIR_PATH}/Podfile.lock\" \"${PODS_ROOT}/Manifest.lock\" > /dev/null\nif [ $? != 0 ] ; then\n    # print error to STDERR\n    echo \"error: The sandbox is not in sync with the Podfile.lock. Run 'pod install' or update your CocoaPods installation.\" >&2\n    exit 1\nfi\n# This output is used by Xcode 'outputs' to avoid re-running this script phase.\necho \"SUCCESS\" > \"${SCRIPT_OUTPUT_FILE_0}\"\n";
			showEnvVarsInLog = 0;
		};
		2656B0E1F6BD92ED4DD97639 /* [CP] Check Pods Manifest.lock */ = {
			isa = PBXShellScriptBuildPhase;
			buildActionMask = 2147483647;
			files = (
			);
			inputFileListPaths = (
			);
			inputPaths = (
				"${PODS_PODFILE_DIR_PATH}/Podfile.lock",
				"${PODS_ROOT}/Manifest.lock",
			);
			name = "[CP] Check Pods Manifest.lock";
			outputFileListPaths = (
			);
			outputPaths = (
				"$(DERIVED_FILE_DIR)/Pods-ZesteTests-checkManifestLockResult.txt",
			);
			runOnlyForDeploymentPostprocessing = 0;
			shellPath = /bin/sh;
			shellScript = "diff \"${PODS_PODFILE_DIR_PATH}/Podfile.lock\" \"${PODS_ROOT}/Manifest.lock\" > /dev/null\nif [ $? != 0 ] ; then\n    # print error to STDERR\n    echo \"error: The sandbox is not in sync with the Podfile.lock. Run 'pod install' or update your CocoaPods installation.\" >&2\n    exit 1\nfi\n# This output is used by Xcode 'outputs' to avoid re-running this script phase.\necho \"SUCCESS\" > \"${SCRIPT_OUTPUT_FILE_0}\"\n";
			showEnvVarsInLog = 0;
		};
		7B3DEDA584F38D6B1D39C75B /* [CP] Embed Pods Frameworks */ = {
			isa = PBXShellScriptBuildPhase;
			buildActionMask = 2147483647;
			files = (
			);
			inputFileListPaths = (
				"${PODS_ROOT}/Target Support Files/Pods-Zeste/Pods-Zeste-frameworks-${CONFIGURATION}-input-files.xcfilelist",
			);
			name = "[CP] Embed Pods Frameworks";
			outputFileListPaths = (
				"${PODS_ROOT}/Target Support Files/Pods-Zeste/Pods-Zeste-frameworks-${CONFIGURATION}-output-files.xcfilelist",
			);
			runOnlyForDeploymentPostprocessing = 0;
			shellPath = /bin/sh;
			shellScript = "\"${PODS_ROOT}/Target Support Files/Pods-Zeste/Pods-Zeste-frameworks.sh\"\n";
			showEnvVarsInLog = 0;
		};
		E651873CCD5033D3FA6BA230 /* [CP] Embed Pods Frameworks */ = {
			isa = PBXShellScriptBuildPhase;
			buildActionMask = 2147483647;
			files = (
			);
			inputFileListPaths = (
				"${PODS_ROOT}/Target Support Files/Pods-Zeste-ZesteUITests/Pods-Zeste-ZesteUITests-frameworks-${CONFIGURATION}-input-files.xcfilelist",
			);
			name = "[CP] Embed Pods Frameworks";
			outputFileListPaths = (
				"${PODS_ROOT}/Target Support Files/Pods-Zeste-ZesteUITests/Pods-Zeste-ZesteUITests-frameworks-${CONFIGURATION}-output-files.xcfilelist",
			);
			runOnlyForDeploymentPostprocessing = 0;
			shellPath = /bin/sh;
			shellScript = "\"${PODS_ROOT}/Target Support Files/Pods-Zeste-ZesteUITests/Pods-Zeste-ZesteUITests-frameworks.sh\"\n";
			showEnvVarsInLog = 0;
		};
		EFD0664CBC96A5525867284C /* [CP] Check Pods Manifest.lock */ = {
			isa = PBXShellScriptBuildPhase;
			buildActionMask = 2147483647;
			files = (
			);
			inputFileListPaths = (
			);
			inputPaths = (
				"${PODS_PODFILE_DIR_PATH}/Podfile.lock",
				"${PODS_ROOT}/Manifest.lock",
			);
			name = "[CP] Check Pods Manifest.lock";
			outputFileListPaths = (
			);
			outputPaths = (
				"$(DERIVED_FILE_DIR)/Pods-Zeste-checkManifestLockResult.txt",
			);
			runOnlyForDeploymentPostprocessing = 0;
			shellPath = /bin/sh;
			shellScript = "diff \"${PODS_PODFILE_DIR_PATH}/Podfile.lock\" \"${PODS_ROOT}/Manifest.lock\" > /dev/null\nif [ $? != 0 ] ; then\n    # print error to STDERR\n    echo \"error: The sandbox is not in sync with the Podfile.lock. Run 'pod install' or update your CocoaPods installation.\" >&2\n    exit 1\nfi\n# This output is used by Xcode 'outputs' to avoid re-running this script phase.\necho \"SUCCESS\" > \"${SCRIPT_OUTPUT_FILE_0}\"\n";
			showEnvVarsInLog = 0;
		};
/* End PBXShellScriptBuildPhase section */

/* Begin PBXSourcesBuildPhase section */
		3D4720AD270979AC005E9D8D /* Sources */ = {
			isa = PBXSourcesBuildPhase;
			buildActionMask = 2147483647;
			files = (
				3D4720B9270979AC005E9D8D /* ViewController.swift in Sources */,
				3D4720B5270979AC005E9D8D /* AppDelegate.swift in Sources */,
				3DB5670727267DCD0039EAA0 /* HowToWashViewController.swift in Sources */,
				3D1356FF274A943C0040D16B /* UIViewController.swift in Sources */,
				3DED0BF527595BC90063D57C /* QuizModel.swift in Sources */,
				3DE55EA4273AB9D000747E27 /* LoginViewController.swift in Sources */,
				3DED0BE72759343B0063D57C /* MyCouponViewController.swift in Sources */,
				3D4720EB2709DF1F005E9D8D /* BaseTabBarController.swift in Sources */,
				3D62D81127558CC4001CB6CF /* UserInfo.swift in Sources */,
				3DED0BE42757B3430063D57C /* LabelText.swift in Sources */,
				3D472102270A2549005E9D8D /* InnerStampStack.swift in Sources */,
				3DED0BF727595C8F0063D57C /* QuisListDataManager.swift in Sources */,
				3D472100270A1FD0005E9D8D /* StampStackView.swift in Sources */,
				3D4720B7270979AC005E9D8D /* SceneDelegate.swift in Sources */,
				3DE55EAA273D170800747E27 /* NewsTableViewCell.swift in Sources */,
				3DED0BEE27593B500063D57C /* PopupDarkViewController.swift in Sources */,
				3D62D80B27501FC6001CB6CF /* ReaderView.swift in Sources */,
				3D4720E72709DE3F005E9D8D /* MainViewController.swift in Sources */,
				3D4720FE270A1DEC005E9D8D /* StampRoundView.swift in Sources */,
				3DED0BF927595CAF0063D57C /* Constant.swift in Sources */,
				3D4720FC270A0A82005E9D8D /* BaseViewController.swift in Sources */,
				3D62D80E27558B0B001CB6CF /* GetUserInfoViewController.swift in Sources */,
				3D4720F22709E4F6005E9D8D /* CircleView.swift in Sources */,
				3D62D8082750160E001CB6CF /* QRCodeViewController.swift in Sources */,
				3DE55EA8273D162B00747E27 /* NewsViewController.swift in Sources */,
				3DED0BEC27593A750063D57C /* QuizAnsView.swift in Sources */,
				3DED0BEA27593A1D0063D57C /* QuizViewController.swift in Sources */,
				3DB5670A27267E8D0039EAA0 /* WashCollectionViewCell.swift in Sources */,
				3DED0BF027593B8C0063D57C /* QuizPopUpView.swift in Sources */,
				3D4720FA270A0A69005E9D8D /* MyInfoViewController.swift in Sources */,
				3DE55EA6273D104D00747E27 /* WashModel.swift in Sources */,
				3D4720EF2709E086005E9D8D /* Color.swift in Sources */,
			);
			runOnlyForDeploymentPostprocessing = 0;
		};
		3D4720C3270979AE005E9D8D /* Sources */ = {
			isa = PBXSourcesBuildPhase;
			buildActionMask = 2147483647;
			files = (
				3D4720CC270979AE005E9D8D /* ZesteTests.swift in Sources */,
			);
			runOnlyForDeploymentPostprocessing = 0;
		};
		3D4720CE270979AE005E9D8D /* Sources */ = {
			isa = PBXSourcesBuildPhase;
			buildActionMask = 2147483647;
			files = (
				3D4720D7270979AE005E9D8D /* ZesteUITests.swift in Sources */,
			);
			runOnlyForDeploymentPostprocessing = 0;
		};
/* End PBXSourcesBuildPhase section */

/* Begin PBXTargetDependency section */
		3D4720C9270979AE005E9D8D /* PBXTargetDependency */ = {
			isa = PBXTargetDependency;
			target = 3D4720B0270979AC005E9D8D /* Zeste */;
			targetProxy = 3D4720C8270979AE005E9D8D /* PBXContainerItemProxy */;
		};
		3D4720D4270979AE005E9D8D /* PBXTargetDependency */ = {
			isa = PBXTargetDependency;
			target = 3D4720B0270979AC005E9D8D /* Zeste */;
			targetProxy = 3D4720D3270979AE005E9D8D /* PBXContainerItemProxy */;
		};
/* End PBXTargetDependency section */

/* Begin PBXVariantGroup section */
		3D4720BA270979AC005E9D8D /* Main.storyboard */ = {
			isa = PBXVariantGroup;
			children = (
				3D4720BB270979AC005E9D8D /* Base */,
			);
			name = Main.storyboard;
			sourceTree = "<group>";
		};
		3D4720BF270979AE005E9D8D /* LaunchScreen.storyboard */ = {
			isa = PBXVariantGroup;
			children = (
				3D4720C0270979AE005E9D8D /* Base */,
			);
			name = LaunchScreen.storyboard;
			sourceTree = "<group>";
		};
/* End PBXVariantGroup section */

/* Begin XCBuildConfiguration section */
		3D4720D9270979AE005E9D8D /* Debug */ = {
			isa = XCBuildConfiguration;
			buildSettings = {
				ALWAYS_SEARCH_USER_PATHS = NO;
				CLANG_ANALYZER_NONNULL = YES;
				CLANG_ANALYZER_NUMBER_OBJECT_CONVERSION = YES_AGGRESSIVE;
				CLANG_CXX_LANGUAGE_STANDARD = "gnu++14";
				CLANG_CXX_LIBRARY = "libc++";
				CLANG_ENABLE_MODULES = YES;
				CLANG_ENABLE_OBJC_ARC = YES;
				CLANG_ENABLE_OBJC_WEAK = YES;
				CLANG_WARN_BLOCK_CAPTURE_AUTORELEASING = YES;
				CLANG_WARN_BOOL_CONVERSION = YES;
				CLANG_WARN_COMMA = YES;
				CLANG_WARN_CONSTANT_CONVERSION = YES;
				CLANG_WARN_DEPRECATED_OBJC_IMPLEMENTATIONS = YES;
				CLANG_WARN_DIRECT_OBJC_ISA_USAGE = YES_ERROR;
				CLANG_WARN_DOCUMENTATION_COMMENTS = YES;
				CLANG_WARN_EMPTY_BODY = YES;
				CLANG_WARN_ENUM_CONVERSION = YES;
				CLANG_WARN_INFINITE_RECURSION = YES;
				CLANG_WARN_INT_CONVERSION = YES;
				CLANG_WARN_NON_LITERAL_NULL_CONVERSION = YES;
				CLANG_WARN_OBJC_IMPLICIT_RETAIN_SELF = YES;
				CLANG_WARN_OBJC_LITERAL_CONVERSION = YES;
				CLANG_WARN_OBJC_ROOT_CLASS = YES_ERROR;
				CLANG_WARN_QUOTED_INCLUDE_IN_FRAMEWORK_HEADER = YES;
				CLANG_WARN_RANGE_LOOP_ANALYSIS = YES;
				CLANG_WARN_STRICT_PROTOTYPES = YES;
				CLANG_WARN_SUSPICIOUS_MOVE = YES;
				CLANG_WARN_UNGUARDED_AVAILABILITY = YES_AGGRESSIVE;
				CLANG_WARN_UNREACHABLE_CODE = YES;
				CLANG_WARN__DUPLICATE_METHOD_MATCH = YES;
				COPY_PHASE_STRIP = NO;
				DEBUG_INFORMATION_FORMAT = dwarf;
				ENABLE_STRICT_OBJC_MSGSEND = YES;
				ENABLE_TESTABILITY = YES;
				GCC_C_LANGUAGE_STANDARD = gnu11;
				GCC_DYNAMIC_NO_PIC = NO;
				GCC_NO_COMMON_BLOCKS = YES;
				GCC_OPTIMIZATION_LEVEL = 0;
				GCC_PREPROCESSOR_DEFINITIONS = (
					"DEBUG=1",
					"$(inherited)",
				);
				GCC_WARN_64_TO_32_BIT_CONVERSION = YES;
				GCC_WARN_ABOUT_RETURN_TYPE = YES_ERROR;
				GCC_WARN_UNDECLARED_SELECTOR = YES;
				GCC_WARN_UNINITIALIZED_AUTOS = YES_AGGRESSIVE;
				GCC_WARN_UNUSED_FUNCTION = YES;
				GCC_WARN_UNUSED_VARIABLE = YES;
				IPHONEOS_DEPLOYMENT_TARGET = 14.5;
				MTL_ENABLE_DEBUG_INFO = INCLUDE_SOURCE;
				MTL_FAST_MATH = YES;
				ONLY_ACTIVE_ARCH = YES;
				SDKROOT = iphoneos;
				SWIFT_ACTIVE_COMPILATION_CONDITIONS = DEBUG;
				SWIFT_OPTIMIZATION_LEVEL = "-Onone";
			};
			name = Debug;
		};
		3D4720DA270979AE005E9D8D /* Release */ = {
			isa = XCBuildConfiguration;
			buildSettings = {
				ALWAYS_SEARCH_USER_PATHS = NO;
				CLANG_ANALYZER_NONNULL = YES;
				CLANG_ANALYZER_NUMBER_OBJECT_CONVERSION = YES_AGGRESSIVE;
				CLANG_CXX_LANGUAGE_STANDARD = "gnu++14";
				CLANG_CXX_LIBRARY = "libc++";
				CLANG_ENABLE_MODULES = YES;
				CLANG_ENABLE_OBJC_ARC = YES;
				CLANG_ENABLE_OBJC_WEAK = YES;
				CLANG_WARN_BLOCK_CAPTURE_AUTORELEASING = YES;
				CLANG_WARN_BOOL_CONVERSION = YES;
				CLANG_WARN_COMMA = YES;
				CLANG_WARN_CONSTANT_CONVERSION = YES;
				CLANG_WARN_DEPRECATED_OBJC_IMPLEMENTATIONS = YES;
				CLANG_WARN_DIRECT_OBJC_ISA_USAGE = YES_ERROR;
				CLANG_WARN_DOCUMENTATION_COMMENTS = YES;
				CLANG_WARN_EMPTY_BODY = YES;
				CLANG_WARN_ENUM_CONVERSION = YES;
				CLANG_WARN_INFINITE_RECURSION = YES;
				CLANG_WARN_INT_CONVERSION = YES;
				CLANG_WARN_NON_LITERAL_NULL_CONVERSION = YES;
				CLANG_WARN_OBJC_IMPLICIT_RETAIN_SELF = YES;
				CLANG_WARN_OBJC_LITERAL_CONVERSION = YES;
				CLANG_WARN_OBJC_ROOT_CLASS = YES_ERROR;
				CLANG_WARN_QUOTED_INCLUDE_IN_FRAMEWORK_HEADER = YES;
				CLANG_WARN_RANGE_LOOP_ANALYSIS = YES;
				CLANG_WARN_STRICT_PROTOTYPES = YES;
				CLANG_WARN_SUSPICIOUS_MOVE = YES;
				CLANG_WARN_UNGUARDED_AVAILABILITY = YES_AGGRESSIVE;
				CLANG_WARN_UNREACHABLE_CODE = YES;
				CLANG_WARN__DUPLICATE_METHOD_MATCH = YES;
				COPY_PHASE_STRIP = NO;
				DEBUG_INFORMATION_FORMAT = "dwarf-with-dsym";
				ENABLE_NS_ASSERTIONS = NO;
				ENABLE_STRICT_OBJC_MSGSEND = YES;
				GCC_C_LANGUAGE_STANDARD = gnu11;
				GCC_NO_COMMON_BLOCKS = YES;
				GCC_WARN_64_TO_32_BIT_CONVERSION = YES;
				GCC_WARN_ABOUT_RETURN_TYPE = YES_ERROR;
				GCC_WARN_UNDECLARED_SELECTOR = YES;
				GCC_WARN_UNINITIALIZED_AUTOS = YES_AGGRESSIVE;
				GCC_WARN_UNUSED_FUNCTION = YES;
				GCC_WARN_UNUSED_VARIABLE = YES;
				IPHONEOS_DEPLOYMENT_TARGET = 14.5;
				MTL_ENABLE_DEBUG_INFO = NO;
				MTL_FAST_MATH = YES;
				SDKROOT = iphoneos;
				SWIFT_COMPILATION_MODE = wholemodule;
				SWIFT_OPTIMIZATION_LEVEL = "-O";
				VALIDATE_PRODUCT = YES;
			};
			name = Release;
		};
		3D4720DC270979AE005E9D8D /* Debug */ = {
			isa = XCBuildConfiguration;
			baseConfigurationReference = 7AAF36A4C4322807790BCB07 /* Pods-Zeste.debug.xcconfig */;
			buildSettings = {
				ASSETCATALOG_COMPILER_APPICON_NAME = AppIcon;
				ASSETCATALOG_COMPILER_GLOBAL_ACCENT_COLOR_NAME = AccentColor;
				CODE_SIGN_ENTITLEMENTS = Zeste/Zeste.entitlements;
				CODE_SIGN_STYLE = Automatic;
				CURRENT_PROJECT_VERSION = 1;
				DEVELOPMENT_TEAM = GLQQLN3R4U;
				INFOPLIST_FILE = Zeste/Info.plist;
				LD_RUNPATH_SEARCH_PATHS = (
					"$(inherited)",
					"@executable_path/Frameworks",
				);
				MARKETING_VERSION = 1.0.0;
				PRODUCT_BUNDLE_IDENTIFIER = "com.miori.dev-ios.Zeste";
				PRODUCT_NAME = "$(TARGET_NAME)";
				SWIFT_VERSION = 5.0;
				TARGETED_DEVICE_FAMILY = "1,2";
			};
			name = Debug;
		};
		3D4720DD270979AE005E9D8D /* Release */ = {
			isa = XCBuildConfiguration;
			baseConfigurationReference = 44E377BADB7508ECC6272069 /* Pods-Zeste.release.xcconfig */;
			buildSettings = {
				ASSETCATALOG_COMPILER_APPICON_NAME = AppIcon;
				ASSETCATALOG_COMPILER_GLOBAL_ACCENT_COLOR_NAME = AccentColor;
				CODE_SIGN_ENTITLEMENTS = Zeste/Zeste.entitlements;
				CODE_SIGN_STYLE = Automatic;
				CURRENT_PROJECT_VERSION = 1;
				DEVELOPMENT_TEAM = GLQQLN3R4U;
				INFOPLIST_FILE = Zeste/Info.plist;
				LD_RUNPATH_SEARCH_PATHS = (
					"$(inherited)",
					"@executable_path/Frameworks",
				);
				MARKETING_VERSION = 1.0.0;
				PRODUCT_BUNDLE_IDENTIFIER = "com.miori.dev-ios.Zeste";
				PRODUCT_NAME = "$(TARGET_NAME)";
				SWIFT_VERSION = 5.0;
				TARGETED_DEVICE_FAMILY = "1,2";
			};
			name = Release;
		};
		3D4720DF270979AE005E9D8D /* Debug */ = {
			isa = XCBuildConfiguration;
			baseConfigurationReference = B8824A30605384C3AFF56C15 /* Pods-ZesteTests.debug.xcconfig */;
			buildSettings = {
				ALWAYS_EMBED_SWIFT_STANDARD_LIBRARIES = YES;
				BUNDLE_LOADER = "$(TEST_HOST)";
				CODE_SIGN_STYLE = Automatic;
				DEVELOPMENT_TEAM = GLQQLN3R4U;
				INFOPLIST_FILE = ZesteTests/Info.plist;
				IPHONEOS_DEPLOYMENT_TARGET = 14.5;
				LD_RUNPATH_SEARCH_PATHS = (
					"$(inherited)",
					"@executable_path/Frameworks",
					"@loader_path/Frameworks",
				);
				PRODUCT_BUNDLE_IDENTIFIER = "com.miori.dev-ios.ZesteTests";
				PRODUCT_NAME = "$(TARGET_NAME)";
				SWIFT_VERSION = 5.0;
				TARGETED_DEVICE_FAMILY = "1,2";
				TEST_HOST = "$(BUILT_PRODUCTS_DIR)/Zeste.app/Zeste";
			};
			name = Debug;
		};
		3D4720E0270979AE005E9D8D /* Release */ = {
			isa = XCBuildConfiguration;
			baseConfigurationReference = F61B22613CBE4C6318302489 /* Pods-ZesteTests.release.xcconfig */;
			buildSettings = {
				ALWAYS_EMBED_SWIFT_STANDARD_LIBRARIES = YES;
				BUNDLE_LOADER = "$(TEST_HOST)";
				CODE_SIGN_STYLE = Automatic;
				DEVELOPMENT_TEAM = GLQQLN3R4U;
				INFOPLIST_FILE = ZesteTests/Info.plist;
				IPHONEOS_DEPLOYMENT_TARGET = 14.5;
				LD_RUNPATH_SEARCH_PATHS = (
					"$(inherited)",
					"@executable_path/Frameworks",
					"@loader_path/Frameworks",
				);
				PRODUCT_BUNDLE_IDENTIFIER = "com.miori.dev-ios.ZesteTests";
				PRODUCT_NAME = "$(TARGET_NAME)";
				SWIFT_VERSION = 5.0;
				TARGETED_DEVICE_FAMILY = "1,2";
				TEST_HOST = "$(BUILT_PRODUCTS_DIR)/Zeste.app/Zeste";
			};
			name = Release;
		};
		3D4720E2270979AE005E9D8D /* Debug */ = {
			isa = XCBuildConfiguration;
			baseConfigurationReference = 1FA4880715EF929EF8BA8B2D /* Pods-Zeste-ZesteUITests.debug.xcconfig */;
			buildSettings = {
				ALWAYS_EMBED_SWIFT_STANDARD_LIBRARIES = YES;
				CODE_SIGN_STYLE = Automatic;
				DEVELOPMENT_TEAM = GLQQLN3R4U;
				INFOPLIST_FILE = ZesteUITests/Info.plist;
				LD_RUNPATH_SEARCH_PATHS = (
					"$(inherited)",
					"@executable_path/Frameworks",
					"@loader_path/Frameworks",
				);
				PRODUCT_BUNDLE_IDENTIFIER = "com.miori.dev-ios.ZesteUITests";
				PRODUCT_NAME = "$(TARGET_NAME)";
				SWIFT_VERSION = 5.0;
				TARGETED_DEVICE_FAMILY = "1,2";
				TEST_TARGET_NAME = Zeste;
			};
			name = Debug;
		};
		3D4720E3270979AE005E9D8D /* Release */ = {
			isa = XCBuildConfiguration;
			baseConfigurationReference = 2C935403E99193085C7F11B9 /* Pods-Zeste-ZesteUITests.release.xcconfig */;
			buildSettings = {
				ALWAYS_EMBED_SWIFT_STANDARD_LIBRARIES = YES;
				CODE_SIGN_STYLE = Automatic;
				DEVELOPMENT_TEAM = GLQQLN3R4U;
				INFOPLIST_FILE = ZesteUITests/Info.plist;
				LD_RUNPATH_SEARCH_PATHS = (
					"$(inherited)",
					"@executable_path/Frameworks",
					"@loader_path/Frameworks",
				);
				PRODUCT_BUNDLE_IDENTIFIER = "com.miori.dev-ios.ZesteUITests";
				PRODUCT_NAME = "$(TARGET_NAME)";
				SWIFT_VERSION = 5.0;
				TARGETED_DEVICE_FAMILY = "1,2";
				TEST_TARGET_NAME = Zeste;
			};
			name = Release;
		};
/* End XCBuildConfiguration section */

/* Begin XCConfigurationList section */
		3D4720AC270979AC005E9D8D /* Build configuration list for PBXProject "Zeste" */ = {
			isa = XCConfigurationList;
			buildConfigurations = (
				3D4720D9270979AE005E9D8D /* Debug */,
				3D4720DA270979AE005E9D8D /* Release */,
			);
			defaultConfigurationIsVisible = 0;
			defaultConfigurationName = Release;
		};
		3D4720DB270979AE005E9D8D /* Build configuration list for PBXNativeTarget "Zeste" */ = {
			isa = XCConfigurationList;
			buildConfigurations = (
				3D4720DC270979AE005E9D8D /* Debug */,
				3D4720DD270979AE005E9D8D /* Release */,
			);
			defaultConfigurationIsVisible = 0;
			defaultConfigurationName = Release;
		};
		3D4720DE270979AE005E9D8D /* Build configuration list for PBXNativeTarget "ZesteTests" */ = {
			isa = XCConfigurationList;
			buildConfigurations = (
				3D4720DF270979AE005E9D8D /* Debug */,
				3D4720E0270979AE005E9D8D /* Release */,
			);
			defaultConfigurationIsVisible = 0;
			defaultConfigurationName = Release;
		};
		3D4720E1270979AE005E9D8D /* Build configuration list for PBXNativeTarget "ZesteUITests" */ = {
			isa = XCConfigurationList;
			buildConfigurations = (
				3D4720E2270979AE005E9D8D /* Debug */,
				3D4720E3270979AE005E9D8D /* Release */,
			);
			defaultConfigurationIsVisible = 0;
			defaultConfigurationName = Release;
		};
/* End XCConfigurationList section */
	};
	rootObject = 3D4720A9270979AC005E9D8D /* Project object */;
}
